# This file was autogenerated by uv via the following command:
#    uv pip compile pyproject.toml
aiofiles==23.2.1
    # via
    #   ngpt (pyproject.toml)
    #   duckduckgo-search
aiohttp==3.9.0
    # via
    #   ngpt (pyproject.toml)
    #   langchain
    #   openai
aiosignal==1.3.1
    # via
    #   ngpt (pyproject.toml)
    #   aiohttp
altair==5.1.1
    # via
    #   ngpt (pyproject.toml)
    #   streamlit
annotated-types==0.5.0
    # via ngpt (pyproject.toml)
antlr4-python3-runtime==4.9.3
    # via
    #   ngpt (pyproject.toml)
    #   omegaconf
anyio==3.7.1
    # via
    #   ngpt (pyproject.toml)
    #   httpcore
    #   langchain
    #   starlette
    #   watchfiles
appnope==0.1.3
    # via ngpt (pyproject.toml)
asttokens==2.4.0
    # via
    #   ngpt (pyproject.toml)
    #   stack-data
async-timeout==4.0.3
    # via ngpt (pyproject.toml)
attrs==23.1.0
    # via
    #   ngpt (pyproject.toml)
    #   aiohttp
    #   jsonschema
    #   referencing
backcall==0.2.0
    # via
    #   ngpt (pyproject.toml)
    #   ipython
backoff==2.2.1
    # via
    #   ngpt (pyproject.toml)
    #   posthog
bcrypt==4.0.1
    # via
    #   ngpt (pyproject.toml)
    #   chromadb
beautifulsoup4==4.12.2
    # via
    #   ngpt (pyproject.toml)
    #   unstructured
    #   wikipedia
black==23.9.1
    # via ngpt (pyproject.toml)
blinker==1.6.2
    # via
    #   ngpt (pyproject.toml)
    #   streamlit
blis==0.7.10
    # via
    #   ngpt (pyproject.toml)
    #   thinc
brotli==1.1.0
    # via
    #   ngpt (pyproject.toml)
    #   httpx
cachetools==5.3.1
    # via
    #   ngpt (pyproject.toml)
    #   streamlit
catalogue==2.0.9
    # via
    #   ngpt (pyproject.toml)
    #   spacy
    #   srsly
    #   thinc
certifi==2023.7.22
    # via
    #   ngpt (pyproject.toml)
    #   elastic-transport
    #   httpcore
    #   httpx
    #   pulsar-client
    #   requests
cffi==1.15.1
    # via
    #   ngpt (pyproject.toml)
    #   cryptography
chardet==5.2.0
    # via
    #   ngpt (pyproject.toml)
    #   unstructured
charset-normalizer==3.2.0
    # via
    #   ngpt (pyproject.toml)
    #   pdfminer-six
    #   requests
chroma-hnswlib==0.7.3
    # via
    #   ngpt (pyproject.toml)
    #   chromadb
chromadb==0.4.11
    # via ngpt (pyproject.toml)
click==8.1.7
    # via
    #   ngpt (pyproject.toml)
    #   black
    #   duckduckgo-search
    #   nltk
    #   streamlit
    #   typer
    #   uvicorn
cloudpathlib==0.16.0
    # via weasel
coloredlogs==15.0.1
    # via
    #   ngpt (pyproject.toml)
    #   onnxruntime
comm==0.1.4
    # via
    #   ngpt (pyproject.toml)
    #   ipykernel
confection==0.1.3
    # via
    #   ngpt (pyproject.toml)
    #   thinc
    #   weasel
contourpy==1.1.1
    # via
    #   ngpt (pyproject.toml)
    #   matplotlib
cryptography==41.0.4
    # via
    #   ngpt (pyproject.toml)
    #   pdfminer-six
cycler==0.11.0
    # via
    #   ngpt (pyproject.toml)
    #   matplotlib
cymem==2.0.8
    # via
    #   ngpt (pyproject.toml)
    #   preshed
    #   spacy
    #   thinc
dataclasses-json==0.5.14
    # via
    #   ngpt (pyproject.toml)
    #   langchain
    #   unstructured
debugpy==1.8.0
    # via
    #   ngpt (pyproject.toml)
    #   ipykernel
decorator==5.1.1
    # via
    #   ngpt (pyproject.toml)
    #   ipython
dill==0.3.7
    # via
    #   ngpt (pyproject.toml)
    #   manifest-ml
dnspython==2.4.2
    # via
    #   ngpt (pyproject.toml)
    #   email-validator
    #   pinecone-client
duckduckgo-search==3.8.5
    # via ngpt (pyproject.toml)
ebooklib==0.18
    # via ngpt (pyproject.toml)
effdet==0.4.1
    # via ngpt (pyproject.toml)
elastic-transport==8.4.0
    # via
    #   ngpt (pyproject.toml)
    #   elasticsearch
elasticsearch==8.9.0
    # via ngpt (pyproject.toml)
email-validator==2.0.0.post2
    # via ngpt (pyproject.toml)
emoji==2.8.0
    # via
    #   ngpt (pyproject.toml)
    #   unstructured
et-xmlfile==1.1.0
    # via
    #   ngpt (pyproject.toml)
    #   openpyxl
executing==1.2.0
    # via
    #   ngpt (pyproject.toml)
    #   stack-data
faiss-cpu==1.8.0
    # via ngpt (pyproject.toml)
fastapi==0.99.1
    # via
    #   ngpt (pyproject.toml)
    #   chromadb
ffmpeg==1.4
    # via ngpt (pyproject.toml)
ffmpeg-python==0.2.0
    # via ngpt (pyproject.toml)
filelock==3.12.4
    # via
    #   ngpt (pyproject.toml)
    #   huggingface-hub
    #   torch
    #   transformers
filetype==1.2.0
    # via
    #   ngpt (pyproject.toml)
    #   unstructured
flatbuffers==23.5.26
    # via
    #   ngpt (pyproject.toml)
    #   onnxruntime
fonttools==4.42.1
    # via
    #   ngpt (pyproject.toml)
    #   matplotlib
frozenlist==1.4.0
    # via
    #   ngpt (pyproject.toml)
    #   aiohttp
    #   aiosignal
fsspec==2023.9.1
    # via
    #   ngpt (pyproject.toml)
    #   huggingface-hub
    #   torch
future==0.18.3
    # via
    #   ngpt (pyproject.toml)
    #   ffmpeg-python
gitdb==4.0.10
    # via
    #   ngpt (pyproject.toml)
    #   gitpython
gitpython==3.1.35
    # via
    #   ngpt (pyproject.toml)
    #   streamlit
gpt4all==2.0.2
    # via ngpt (pyproject.toml)
greenlet==3.0.0
    # via
    #   ngpt (pyproject.toml)
    #   playwright
    #   sqlalchemy
h11==0.14.0
    # via
    #   ngpt (pyproject.toml)
    #   httpcore
    #   uvicorn
h2==4.1.0
    # via
    #   ngpt (pyproject.toml)
    #   httpx
hpack==4.0.0
    # via
    #   ngpt (pyproject.toml)
    #   h2
html2text==2020.1.16
    # via ngpt (pyproject.toml)
httpcore==0.18.0
    # via
    #   ngpt (pyproject.toml)
    #   httpx
httptools==0.6.0
    # via
    #   ngpt (pyproject.toml)
    #   uvicorn
httpx==0.25.0
    # via
    #   ngpt (pyproject.toml)
    #   duckduckgo-search
huggingface-hub==0.16.4
    # via
    #   ngpt (pyproject.toml)
    #   sentence-transformers
    #   timm
    #   tokenizers
    #   transformers
    #   unstructured-inference
humanfriendly==10.0
    # via
    #   ngpt (pyproject.toml)
    #   coloredlogs
hyperframe==6.0.1
    # via
    #   ngpt (pyproject.toml)
    #   h2
idna==3.4
    # via
    #   ngpt (pyproject.toml)
    #   anyio
    #   email-validator
    #   httpx
    #   requests
    #   yarl
importlib-metadata==6.8.0
    # via
    #   ngpt (pyproject.toml)
    #   streamlit
importlib-resources==6.0.1
    # via
    #   ngpt (pyproject.toml)
    #   chromadb
iopath==0.1.10
    # via
    #   ngpt (pyproject.toml)
    #   layoutparser
ipykernel==6.25.2
    # via ngpt (pyproject.toml)
ipython==8.15.0
    # via
    #   ngpt (pyproject.toml)
    #   ipykernel
itsdangerous==2.1.2
    # via ngpt (pyproject.toml)
jedi==0.19.0
    # via
    #   ngpt (pyproject.toml)
    #   ipython
jinja2==3.1.2
    # via
    #   ngpt (pyproject.toml)
    #   altair
    #   pydeck
    #   spacy
    #   torch
joblib==1.3.2
    # via
    #   ngpt (pyproject.toml)
    #   nltk
    #   scikit-learn
jsonpatch==1.33
    # via
    #   ngpt (pyproject.toml)
    #   langchain
jsonpointer==2.4
    # via
    #   ngpt (pyproject.toml)
    #   jsonpatch
jsonschema==4.19.0
    # via
    #   ngpt (pyproject.toml)
    #   altair
jsonschema-specifications==2023.7.1
    # via
    #   ngpt (pyproject.toml)
    #   jsonschema
jupyter-client==8.3.1
    # via
    #   ngpt (pyproject.toml)
    #   ipykernel
jupyter-core==5.3.1
    # via
    #   ngpt (pyproject.toml)
    #   ipykernel
    #   jupyter-client
kiwisolver==1.4.5
    # via
    #   ngpt (pyproject.toml)
    #   matplotlib
langchain==0.0.332
    # via ngpt (pyproject.toml)
langcodes==3.3.0
    # via
    #   ngpt (pyproject.toml)
    #   spacy
langsmith==0.0.52
    # via
    #   ngpt (pyproject.toml)
    #   langchain
layoutparser==0.3.4
    # via
    #   ngpt (pyproject.toml)
    #   unstructured-inference
loguru==0.7.2
    # via
    #   ngpt (pyproject.toml)
    #   pinecone-client
lxml==4.9.3
    # via
    #   ngpt (pyproject.toml)
    #   duckduckgo-search
    #   ebooklib
    #   python-docx
    #   python-pptx
    #   unstructured
manifest-ml==0.0.1
    # via ngpt (pyproject.toml)
markdown==3.4.4
    # via ngpt (pyproject.toml)
markdown-it-py==3.0.0
    # via
    #   ngpt (pyproject.toml)
    #   rich
markupsafe==2.1.3
    # via
    #   ngpt (pyproject.toml)
    #   jinja2
marshmallow==3.20.1
    # via
    #   ngpt (pyproject.toml)
    #   dataclasses-json
matplotlib==3.8.0
    # via
    #   ngpt (pyproject.toml)
    #   pycocotools
    #   unstructured-inference
matplotlib-inline==0.1.6
    # via
    #   ngpt (pyproject.toml)
    #   ipykernel
    #   ipython
mdurl==0.1.2
    # via
    #   ngpt (pyproject.toml)
    #   markdown-it-py
monotonic==1.6
    # via
    #   ngpt (pyproject.toml)
    #   posthog
mpmath==1.3.0
    # via
    #   ngpt (pyproject.toml)
    #   sympy
msg-parser==1.2.0
    # via ngpt (pyproject.toml)
multidict==6.0.4
    # via
    #   ngpt (pyproject.toml)
    #   aiohttp
    #   yarl
murmurhash==1.0.10
    # via
    #   ngpt (pyproject.toml)
    #   preshed
    #   spacy
    #   thinc
mypy-extensions==1.0.0
    # via
    #   ngpt (pyproject.toml)
    #   black
    #   typing-inspect
nest-asyncio==1.5.8
    # via
    #   ngpt (pyproject.toml)
    #   ipykernel
networkx==3.1
    # via
    #   ngpt (pyproject.toml)
    #   torch
nltk==3.8.1
    # via
    #   ngpt (pyproject.toml)
    #   sentence-transformers
    #   unstructured
numexpr==2.8.5
    # via ngpt (pyproject.toml)
numpy==1.26.0
    # via
    #   ngpt (pyproject.toml)
    #   altair
    #   blis
    #   chroma-hnswlib
    #   chromadb
    #   contourpy
    #   faiss-cpu
    #   langchain
    #   layoutparser
    #   matplotlib
    #   numexpr
    #   onnx
    #   onnxruntime
    #   opencv-python
    #   pandas
    #   pinecone-client
    #   pyarrow
    #   pycocotools
    #   pydeck
    #   scikit-learn
    #   scipy
    #   sentence-transformers
    #   spacy
    #   streamlit
    #   thinc
    #   torchvision
    #   transformers
    #   unstructured-inference
nvidia-cublas-cu12==12.4.5.8
    # via
    #   nvidia-cudnn-cu12
    #   nvidia-cusolver-cu12
    #   torch
nvidia-cuda-cupti-cu12==12.4.127
    # via torch
nvidia-cuda-nvrtc-cu12==12.4.127
    # via torch
nvidia-cuda-runtime-cu12==12.4.127
    # via torch
nvidia-cudnn-cu12==9.1.0.70
    # via torch
nvidia-cufft-cu12==11.2.1.3
    # via torch
nvidia-curand-cu12==10.3.5.147
    # via torch
nvidia-cusolver-cu12==11.6.1.9
    # via torch
nvidia-cusparse-cu12==12.3.1.170
    # via
    #   nvidia-cusolver-cu12
    #   torch
nvidia-cusparselt-cu12==0.6.2
    # via torch
nvidia-nccl-cu12==2.21.5
    # via torch
nvidia-nvjitlink-cu12==12.4.127
    # via
    #   nvidia-cusolver-cu12
    #   nvidia-cusparse-cu12
    #   torch
nvidia-nvtx-cu12==12.4.127
    # via torch
olefile==0.46
    # via
    #   ngpt (pyproject.toml)
    #   msg-parser
omegaconf==2.3.0
    # via
    #   ngpt (pyproject.toml)
    #   effdet
onnx==1.15.0
    # via
    #   ngpt (pyproject.toml)
    #   unstructured-inference
onnxruntime==1.17.0
    # via
    #   ngpt (pyproject.toml)
    #   chromadb
    #   unstructured-inference
openai==0.28.0
    # via ngpt (pyproject.toml)
opencv-python==4.8.0.76
    # via
    #   ngpt (pyproject.toml)
    #   layoutparser
    #   unstructured-inference
openpyxl==3.1.2
    # via ngpt (pyproject.toml)
orjson==3.9.9
    # via ngpt (pyproject.toml)
overrides==7.4.0
    # via
    #   ngpt (pyproject.toml)
    #   chromadb
packaging==23.1
    # via
    #   ngpt (pyproject.toml)
    #   altair
    #   black
    #   huggingface-hub
    #   ipykernel
    #   marshmallow
    #   matplotlib
    #   onnxruntime
    #   pytesseract
    #   spacy
    #   streamlit
    #   thinc
    #   transformers
    #   unstructured-pytesseract
    #   weasel
pandas==2.2.0
    # via
    #   ngpt (pyproject.toml)
    #   altair
    #   layoutparser
    #   streamlit
parso==0.8.3
    # via
    #   ngpt (pyproject.toml)
    #   jedi
pathspec==0.11.2
    # via
    #   ngpt (pyproject.toml)
    #   black
pathy==0.10.2
    # via
    #   ngpt (pyproject.toml)
    #   spacy
pdf2image==1.16.3
    # via
    #   ngpt (pyproject.toml)
    #   layoutparser
pdfminer-six==20221105
    # via
    #   ngpt (pyproject.toml)
    #   pdfplumber
pdfplumber==0.10.2
    # via
    #   ngpt (pyproject.toml)
    #   layoutparser
pexpect==4.8.0
    # via
    #   ngpt (pyproject.toml)
    #   ipython
pickleshare==0.7.5
    # via
    #   ngpt (pyproject.toml)
    #   ipython
pillow==10.4.0
    # via
    #   ngpt (pyproject.toml)
    #   layoutparser
    #   matplotlib
    #   pdf2image
    #   pdfplumber
    #   pytesseract
    #   python-pptx
    #   streamlit
    #   torchvision
    #   unstructured-pytesseract
pinecone-client==2.2.4
    # via ngpt (pyproject.toml)
platformdirs==3.10.0
    # via
    #   ngpt (pyproject.toml)
    #   black
    #   jupyter-core
playwright==1.39.0
    # via ngpt (pyproject.toml)
portalocker==2.8.2
    # via
    #   ngpt (pyproject.toml)
    #   iopath
posthog==3.0.2
    # via
    #   ngpt (pyproject.toml)
    #   chromadb
preshed==3.0.9
    # via
    #   ngpt (pyproject.toml)
    #   spacy
    #   thinc
prompt-toolkit==3.0.39
    # via
    #   ngpt (pyproject.toml)
    #   ipython
protobuf==4.24.3
    # via
    #   ngpt (pyproject.toml)
    #   onnx
    #   onnxruntime
    #   streamlit
psutil==5.9.5
    # via
    #   ngpt (pyproject.toml)
    #   ipykernel
ptyprocess==0.7.0
    # via
    #   ngpt (pyproject.toml)
    #   pexpect
pulsar-client==3.4.0
    # via
    #   ngpt (pyproject.toml)
    #   chromadb
pure-eval==0.2.2
    # via
    #   ngpt (pyproject.toml)
    #   stack-data
pyarrow==16.0.0
    # via
    #   ngpt (pyproject.toml)
    #   streamlit
pycocotools==2.0.7
    # via
    #   ngpt (pyproject.toml)
    #   effdet
pycparser==2.21
    # via
    #   ngpt (pyproject.toml)
    #   cffi
pydantic==1.10.12
    # via
    #   ngpt (pyproject.toml)
    #   chromadb
    #   confection
    #   fastapi
    #   langchain
    #   langsmith
    #   spacy
    #   thinc
    #   weasel
pydantic-core==2.6.3
    # via ngpt (pyproject.toml)
pydeck==0.8.0
    # via
    #   ngpt (pyproject.toml)
    #   streamlit
pydub==0.25.1
    # via ngpt (pyproject.toml)
pyee==11.0.1
    # via
    #   ngpt (pyproject.toml)
    #   playwright
pygments==2.16.1
    # via
    #   ngpt (pyproject.toml)
    #   ipython
    #   rich
pympler==1.0.1
    # via ngpt (pyproject.toml)
pypandoc==1.11
    # via ngpt (pyproject.toml)
pyparsing==3.1.1
    # via
    #   ngpt (pyproject.toml)
    #   matplotlib
pypdf==3.16.2
    # via ngpt (pyproject.toml)
pypdfium2==4.20.0
    # via
    #   ngpt (pyproject.toml)
    #   pdfplumber
pypika==0.48.9
    # via
    #   ngpt (pyproject.toml)
    #   chromadb
pytesseract==0.3.10
    # via ngpt (pyproject.toml)
python-dateutil==2.8.2
    # via
    #   ngpt (pyproject.toml)
    #   jupyter-client
    #   matplotlib
    #   pandas
    #   pinecone-client
    #   posthog
    #   streamlit
python-docx==0.8.11
    # via ngpt (pyproject.toml)
python-dotenv==1.0.0
    # via
    #   ngpt (pyproject.toml)
    #   uvicorn
python-iso639==2023.6.15
    # via
    #   ngpt (pyproject.toml)
    #   unstructured
python-magic==0.4.27
    # via
    #   ngpt (pyproject.toml)
    #   unstructured
python-multipart==0.0.6
    # via
    #   ngpt (pyproject.toml)
    #   unstructured-inference
python-pptx==0.6.21
    # via ngpt (pyproject.toml)
pytube==11.0.2
    # via ngpt (pyproject.toml)
pytz==2023.3.post1
    # via
    #   ngpt (pyproject.toml)
    #   pandas
pytz-deprecation-shim==0.1.0.post0
    # via
    #   ngpt (pyproject.toml)
    #   tzlocal
pyyaml==6.0.1
    # via
    #   ngpt (pyproject.toml)
    #   huggingface-hub
    #   langchain
    #   layoutparser
    #   omegaconf
    #   pinecone-client
    #   timm
    #   transformers
    #   uvicorn
pyzmq==25.1.1
    # via
    #   ngpt (pyproject.toml)
    #   ipykernel
    #   jupyter-client
rapidfuzz==3.3.1
    # via
    #   ngpt (pyproject.toml)
    #   unstructured-inference
redis==5.0.0
    # via
    #   ngpt (pyproject.toml)
    #   manifest-ml
referencing==0.30.2
    # via
    #   ngpt (pyproject.toml)
    #   jsonschema
    #   jsonschema-specifications
regex==2023.8.8
    # via
    #   ngpt (pyproject.toml)
    #   nltk
    #   tiktoken
    #   transformers
requests==2.31.0
    # via
    #   ngpt (pyproject.toml)
    #   chromadb
    #   gpt4all
    #   huggingface-hub
    #   langchain
    #   langsmith
    #   manifest-ml
    #   openai
    #   pinecone-client
    #   posthog
    #   spacy
    #   streamlit
    #   tiktoken
    #   transformers
    #   unstructured
    #   weasel
    #   wikipedia
rich==13.5.2
    # via
    #   ngpt (pyproject.toml)
    #   streamlit
rpds-py==0.10.2
    # via
    #   ngpt (pyproject.toml)
    #   jsonschema
    #   referencing
safetensors==0.4.3
    # via
    #   ngpt (pyproject.toml)
    #   timm
    #   transformers
scikit-learn==1.3.1
    # via
    #   ngpt (pyproject.toml)
    #   sentence-transformers
scipy==1.11.3
    # via
    #   ngpt (pyproject.toml)
    #   layoutparser
    #   scikit-learn
    #   sentence-transformers
sentence-transformers==2.2.2
    # via ngpt (pyproject.toml)
sentencepiece==0.1.99
    # via
    #   ngpt (pyproject.toml)
    #   sentence-transformers
setuptools==80.8.0
    # via
    #   spacy
    #   thinc
    #   torch
six==1.16.0
    # via
    #   ngpt (pyproject.toml)
    #   asttokens
    #   ebooklib
    #   posthog
    #   python-dateutil
smart-open==6.4.0
    # via
    #   ngpt (pyproject.toml)
    #   pathy
    #   spacy
    #   weasel
smmap==5.0.0
    # via
    #   ngpt (pyproject.toml)
    #   gitdb
sniffio==1.3.0
    # via
    #   ngpt (pyproject.toml)
    #   anyio
    #   httpcore
    #   httpx
socksio==1.0.0
    # via
    #   ngpt (pyproject.toml)
    #   httpx
soupsieve==2.5
    # via
    #   ngpt (pyproject.toml)
    #   beautifulsoup4
spacy==3.7.1
    # via ngpt (pyproject.toml)
spacy-legacy==3.0.12
    # via
    #   ngpt (pyproject.toml)
    #   spacy
spacy-loggers==1.0.5
    # via
    #   ngpt (pyproject.toml)
    #   spacy
sqlalchemy==2.0.22
    # via
    #   ngpt (pyproject.toml)
    #   langchain
sqlitedict==2.1.0
    # via
    #   ngpt (pyproject.toml)
    #   manifest-ml
srsly==2.4.7
    # via
    #   ngpt (pyproject.toml)
    #   confection
    #   spacy
    #   thinc
    #   weasel
stack-data==0.6.2
    # via
    #   ngpt (pyproject.toml)
    #   ipython
starlette==0.27.0
    # via
    #   ngpt (pyproject.toml)
    #   fastapi
streamlit==1.27.2
    # via ngpt (pyproject.toml)
sympy==1.13.1
    # via
    #   ngpt (pyproject.toml)
    #   onnxruntime
    #   torch
tabulate==0.9.0
    # via
    #   ngpt (pyproject.toml)
    #   unstructured
tenacity==8.2.3
    # via
    #   ngpt (pyproject.toml)
    #   langchain
    #   streamlit
thinc==8.2.5
    # via
    #   ngpt (pyproject.toml)
    #   spacy
threadpoolctl==3.2.0
    # via
    #   ngpt (pyproject.toml)
    #   scikit-learn
tiktoken==0.7.0
    # via ngpt (pyproject.toml)
timm==0.9.7
    # via
    #   ngpt (pyproject.toml)
    #   effdet
    #   unstructured-inference
tokenizers==0.14.0
    # via
    #   ngpt (pyproject.toml)
    #   chromadb
    #   transformers
toml==0.10.2
    # via
    #   ngpt (pyproject.toml)
    #   streamlit
toolz==0.12.0
    # via
    #   ngpt (pyproject.toml)
    #   altair
torch==2.6.0
    # via
    #   ngpt (pyproject.toml)
    #   effdet
    #   sentence-transformers
    #   timm
    #   torchvision
    #   unstructured-inference
torchvision==0.21.0
    # via
    #   ngpt (pyproject.toml)
    #   effdet
    #   sentence-transformers
    #   timm
tornado==6.3.3
    # via
    #   ngpt (pyproject.toml)
    #   ipykernel
    #   jupyter-client
    #   streamlit
tqdm==4.66.1
    # via
    #   ngpt (pyproject.toml)
    #   chromadb
    #   gpt4all
    #   huggingface-hub
    #   iopath
    #   manifest-ml
    #   nltk
    #   openai
    #   pinecone-client
    #   sentence-transformers
    #   spacy
    #   transformers
traitlets==5.10.0
    # via
    #   ngpt (pyproject.toml)
    #   comm
    #   ipykernel
    #   ipython
    #   jupyter-client
    #   jupyter-core
    #   matplotlib-inline
transformers==4.34.0
    # via
    #   ngpt (pyproject.toml)
    #   sentence-transformers
    #   unstructured-inference
triton==3.2.0
    # via torch
typer==0.9.0
    # via
    #   ngpt (pyproject.toml)
    #   chromadb
    #   pathy
    #   spacy
    #   weasel
typing-extensions==4.10.0
    # via
    #   ngpt (pyproject.toml)
    #   chromadb
    #   fastapi
    #   huggingface-hub
    #   iopath
    #   pinecone-client
    #   pydantic
    #   pydantic-core
    #   pyee
    #   sqlalchemy
    #   streamlit
    #   torch
    #   typer
    #   typing-inspect
typing-inspect==0.9.0
    # via
    #   ngpt (pyproject.toml)
    #   dataclasses-json
tzdata==2023.3
    # via
    #   ngpt (pyproject.toml)
    #   pandas
    #   pytz-deprecation-shim
tzlocal==4.3.1
    # via
    #   ngpt (pyproject.toml)
    #   streamlit
ujson==5.8.0
    # via ngpt (pyproject.toml)
unstructured==0.10.16
    # via ngpt (pyproject.toml)
unstructured-inference==0.8.0
    # via ngpt (pyproject.toml)
unstructured-pytesseract==0.3.12
    # via ngpt (pyproject.toml)
urllib3==1.26.16
    # via
    #   ngpt (pyproject.toml)
    #   elastic-transport
    #   pinecone-client
    #   requests
uvicorn==0.23.2
    # via
    #   ngpt (pyproject.toml)
    #   chromadb
uvloop==0.21.0
    # via uvicorn
validators==0.22.0
    # via
    #   ngpt (pyproject.toml)
    #   streamlit
wasabi==1.1.2
    # via
    #   ngpt (pyproject.toml)
    #   spacy
    #   thinc
    #   weasel
watchdog==3.0.0
    # via
    #   ngpt (pyproject.toml)
    #   streamlit
watchfiles==0.20.0
    # via
    #   ngpt (pyproject.toml)
    #   uvicorn
wcwidth==0.2.6
    # via
    #   ngpt (pyproject.toml)
    #   prompt-toolkit
weasel==0.3.4
    # via spacy
websockets==11.0.3
    # via
    #   ngpt (pyproject.toml)
    #   uvicorn
wikipedia==1.4.0
    # via ngpt (pyproject.toml)
xlrd==2.0.1
    # via ngpt (pyproject.toml)
xlsxwriter==3.1.5
    # via
    #   ngpt (pyproject.toml)
    #   python-pptx
yarl==1.9.2
    # via
    #   ngpt (pyproject.toml)
    #   aiohttp
zipp==3.16.2
    # via
    #   ngpt (pyproject.toml)
    #   importlib-metadata
